
Microsoft Visual Studio Solution File, Format Version 12.00
# Visual Studio Version 17
VisualStudioVersion = 17.5.002.0
MinimumVisualStudioVersion = 10.0.40219.1
Project("{FAE04EC0-301F-11D3-BF4B-00C04F79EFBC}") = "Lib", "Lib\Lib.csproj", "{B06D10BE-734C-4B64-AA3F-F53389127B16}"
EndProject
Project("{FAE04EC0-301F-11D3-BF4B-00C04F79EFBC}") = "App", "App\App.csproj", "{803450D2-B733-49FB-830C-9B059A69BDBC}"
EndProject
Project("{FAE04EC0-301F-11D3-BF4B-00C04F79EFBC}") = "Tests", "Tests\Tests.csproj", "{14EBF42A-2427-4ADF-B545-62001E110672}"
EndProject
Global
	GlobalSection(SolutionProperties) = preSolution
		HideSolutionNode = FALSE
	EndGlobalSection
	GlobalSection(ExtensibilityGlobals) = postSolution
		SolutionGuid = {06D5272B-4B50-4930-B4C6-E563E2A8324B}
	EndGlobalSection
	GlobalSection(SolutionConfigurationPlatforms) = preSolution
		Debug|Any CPU = Debug|Any CPU
		Debug|x64 = Debug|x64
		Debug|x86 = Debug|x86
		Release|Any CPU = Release|Any CPU
		Release|x64 = Release|x64
		Release|x86 = Release|x86
	EndGlobalSection
	GlobalSection(ProjectConfigurationPlatforms) = postSolution
		{B06D10BE-734C-4B64-AA3F-F53389127B16}.Debug|Any CPU.ActiveCfg = Debug|Any CPU
		{B06D10BE-734C-4B64-AA3F-F53389127B16}.Debug|Any CPU.Build.0 = Debug|Any CPU
		{B06D10BE-734C-4B64-AA3F-F53389127B16}.Debug|x64.ActiveCfg = Debug|Any CPU
		{B06D10BE-734C-4B64-AA3F-F53389127B16}.Debug|x64.Build.0 = Debug|Any CPU
		{B06D10BE-734C-4B64-AA3F-F53389127B16}.Debug|x86.ActiveCfg = Debug|Any CPU
		{B06D10BE-734C-4B64-AA3F-F53389127B16}.Debug|x86.Build.0 = Debug|Any CPU
		{B06D10BE-734C-4B64-AA3F-F53389127B16}.Release|Any CPU.ActiveCfg = Release|Any CPU
		{B06D10BE-734C-4B64-AA3F-F53389127B16}.Release|Any CPU.Build.0 = Release|Any CPU
		{B06D10BE-734C-4B64-AA3F-F53389127B16}.Release|x64.ActiveCfg = Release|Any CPU
		{B06D10BE-734C-4B64-AA3F-F53389127B16}.Release|x64.Build.0 = Release|Any CPU
		{B06D10BE-734C-4B64-AA3F-F53389127B16}.Release|x86.ActiveCfg = Release|Any CPU
		{B06D10BE-734C-4B64-AA3F-F53389127B16}.Release|x86.Build.0 = Release|Any CPU
		{803450D2-B733-49FB-830C-9B059A69BDBC}.Debug|Any CPU.ActiveCfg = Debug|Any CPU
		{803450D2-B733-49FB-830C-9B059A69BDBC}.Debug|Any CPU.Build.0 = Debug|Any CPU
		{803450D2-B733-49FB-830C-9B059A69BDBC}.Debug|x64.ActiveCfg = Debug|Any CPU
		{803450D2-B733-49FB-830C-9B059A69BDBC}.Debug|x64.Build.0 = Debug|Any CPU
		{803450D2-B733-49FB-830C-9B059A69BDBC}.Debug|x86.ActiveCfg = Debug|Any CPU
		{803450D2-B733-49FB-830C-9B059A69BDBC}.Debug|x86.Build.0 = Debug|Any CPU
		{803450D2-B733-49FB-830C-9B059A69BDBC}.Release|Any CPU.ActiveCfg = Release|Any CPU
		{803450D2-B733-49FB-830C-9B059A69BDBC}.Release|Any CPU.Build.0 = Release|Any CPU
		{803450D2-B733-49FB-830C-9B059A69BDBC}.Release|x64.ActiveCfg = Release|Any CPU
		{803450D2-B733-49FB-830C-9B059A69BDBC}.Release|x64.Build.0 = Release|Any CPU
		{803450D2-B733-49FB-830C-9B059A69BDBC}.Release|x86.ActiveCfg = Release|Any CPU
		{803450D2-B733-49FB-830C-9B059A69BDBC}.Release|x86.Build.0 = Release|Any CPU
		{14EBF42A-2427-4ADF-B545-62001E110672}.Debug|Any CPU.ActiveCfg = Debug|Any CPU
		{14EBF42A-2427-4ADF-B545-62001E110672}.Debug|Any CPU.Build.0 = Debug|Any CPU
		{14EBF42A-2427-4ADF-B545-62001E110672}.Debug|x64.ActiveCfg = Debug|Any CPU
		{14EBF42A-2427-4ADF-B545-62001E110672}.Debug|x64.Build.0 = Debug|Any CPU
		{14EBF42A-2427-4ADF-B545-62001E110672}.Debug|x86.ActiveCfg = Debug|Any CPU
		{14EBF42A-2427-4ADF-B545-62001E110672}.Debug|x86.Build.0 = Debug|Any CPU
		{14EBF42A-2427-4ADF-B545-62001E110672}.Release|Any CPU.ActiveCfg = Release|Any CPU
		{14EBF42A-2427-4ADF-B545-62001E110672}.Release|Any CPU.Build.0 = Release|Any CPU
		{14EBF42A-2427-4ADF-B545-62001E110672}.Release|x64.ActiveCfg = Release|Any CPU
		{14EBF42A-2427-4ADF-B545-62001E110672}.Release|x64.Build.0 = Release|Any CPU
		{14EBF42A-2427-4ADF-B545-62001E110672}.Release|x86.ActiveCfg = Release|Any CPU
		{14EBF42A-2427-4ADF-B545-62001E110672}.Release|x86.Build.0 = Release|Any CPU
	EndGlobalSection
EndGlobal
